
Microsoft Visual Studio Solution File, Format Version 12.00
# Visual Studio 15
VisualStudioVersion = 15.0.27428.2011
MinimumVisualStudioVersion = 10.0.40219.1
Project("{FAE04EC0-301F-11D3-BF4B-00C04F79EFBC}") = "Faithlife.PortableContrib", "src\Faithlife.PortableContrib\Faithlife.PortableContrib.csproj", "{FBDBFD6F-34B3-422D-A92E-B05D55B75351}"
EndProject
Project("{FAE04EC0-301F-11D3-BF4B-00C04F79EFBC}") = "Faithlife.PortableContrib-Net45", "src\Faithlife.PortableContrib\Faithlife.PortableContrib-Net45.csproj", "{35E57AD2-78A2-4092-82F8-5D2860B064CD}"
EndProject
Project("{FAE04EC0-301F-11D3-BF4B-00C04F79EFBC}") = "Faithlife.PortableContrib-MonoAndroid", "src\Faithlife.PortableContrib\Faithlife.PortableContrib-MonoAndroid.csproj", "{31A12761-1462-40AA-8DD3-8D5B845121C0}"
EndProject
Project("{FAE04EC0-301F-11D3-BF4B-00C04F79EFBC}") = "Faithlife.PortableContrib-Xamarin.iOS", "src\Faithlife.PortableContrib\Faithlife.PortableContrib-Xamarin.iOS.csproj", "{E021D1A0-1C7B-4FD7-A645-E27BD8DEB7DF}"
EndProject
Project("{2150E333-8FDC-42A3-9474-1A3956D46DE8}") = "Solution Items", "Solution Items", "{68EEB72A-6D49-4B06-87C1-B54D028F897F}"
	ProjectSection(SolutionItems) = preProject
		build.ps1 = build.ps1
		Faithlife.PortableContrib.nuspec = Faithlife.PortableContrib.nuspec
		README.md = README.md
	EndProjectSection
EndProject
Project("{FAE04EC0-301F-11D3-BF4B-00C04F79EFBC}") = "Faithlife.PortableContrib.Tests", "tests\Faithlife.PortableContrib.Tests\Faithlife.PortableContrib.Tests.csproj", "{29774967-3716-4DF5-81F6-F3EB9F650400}"
EndProject
Project("{2150E333-8FDC-42A3-9474-1A3956D46DE8}") = ".nuget", ".nuget", "{C44A8873-49CD-408F-A4B6-04723B1A6F2E}"
	ProjectSection(SolutionItems) = preProject
		.nuget\packages.config = .nuget\packages.config
	EndProjectSection
EndProject
Project("{9A19103F-16F7-4668-BE54-9A1E7A4F7556}") = "Faithlife.PortableContrib-NetStandard2", "src\Faithlife.PortableContrib\Faithlife.PortableContrib-NetStandard2.csproj", "{401E0365-75C0-4D4C-A58A-1594136611A4}"
EndProject
Global
	GlobalSection(SolutionConfigurationPlatforms) = preSolution
		Debug|Any CPU = Debug|Any CPU
		Release|Any CPU = Release|Any CPU
	EndGlobalSection
	GlobalSection(ProjectConfigurationPlatforms) = postSolution
		{FBDBFD6F-34B3-422D-A92E-B05D55B75351}.Debug|Any CPU.ActiveCfg = Debug|Any CPU
		{FBDBFD6F-34B3-422D-A92E-B05D55B75351}.Debug|Any CPU.Build.0 = Debug|Any CPU
		{FBDBFD6F-34B3-422D-A92E-B05D55B75351}.Release|Any CPU.ActiveCfg = Release|Any CPU
		{FBDBFD6F-34B3-422D-A92E-B05D55B75351}.Release|Any CPU.Build.0 = Release|Any CPU
		{35E57AD2-78A2-4092-82F8-5D2860B064CD}.Debug|Any CPU.ActiveCfg = Debug|Any CPU
		{35E57AD2-78A2-4092-82F8-5D2860B064CD}.Debug|Any CPU.Build.0 = Debug|Any CPU
		{35E57AD2-78A2-4092-82F8-5D2860B064CD}.Release|Any CPU.ActiveCfg = Release|Any CPU
		{35E57AD2-78A2-4092-82F8-5D2860B064CD}.Release|Any CPU.Build.0 = Release|Any CPU
		{31A12761-1462-40AA-8DD3-8D5B845121C0}.Debug|Any CPU.ActiveCfg = Debug|Any CPU
		{31A12761-1462-40AA-8DD3-8D5B845121C0}.Debug|Any CPU.Build.0 = Debug|Any CPU
		{31A12761-1462-40AA-8DD3-8D5B845121C0}.Release|Any CPU.ActiveCfg = Release|Any CPU
		{31A12761-1462-40AA-8DD3-8D5B845121C0}.Release|Any CPU.Build.0 = Release|Any CPU
		{E021D1A0-1C7B-4FD7-A645-E27BD8DEB7DF}.Debug|Any CPU.ActiveCfg = Debug|Any CPU
		{E021D1A0-1C7B-4FD7-A645-E27BD8DEB7DF}.Debug|Any CPU.Build.0 = Debug|Any CPU
		{E021D1A0-1C7B-4FD7-A645-E27BD8DEB7DF}.Release|Any CPU.ActiveCfg = Release|Any CPU
		{E021D1A0-1C7B-4FD7-A645-E27BD8DEB7DF}.Release|Any CPU.Build.0 = Release|Any CPU
		{29774967-3716-4DF5-81F6-F3EB9F650400}.Debug|Any CPU.ActiveCfg = Debug|Any CPU
		{29774967-3716-4DF5-81F6-F3EB9F650400}.Debug|Any CPU.Build.0 = Debug|Any CPU
		{29774967-3716-4DF5-81F6-F3EB9F650400}.Release|Any CPU.ActiveCfg = Release|Any CPU
		{29774967-3716-4DF5-81F6-F3EB9F650400}.Release|Any CPU.Build.0 = Release|Any CPU
		{401E0365-75C0-4D4C-A58A-1594136611A4}.Debug|Any CPU.ActiveCfg = Debug|Any CPU
		{401E0365-75C0-4D4C-A58A-1594136611A4}.Debug|Any CPU.Build.0 = Debug|Any CPU
		{401E0365-75C0-4D4C-A58A-1594136611A4}.Release|Any CPU.ActiveCfg = Release|Any CPU
		{401E0365-75C0-4D4C-A58A-1594136611A4}.Release|Any CPU.Build.0 = Release|Any CPU
	EndGlobalSection
	GlobalSection(SolutionProperties) = preSolution
		HideSolutionNode = FALSE
	EndGlobalSection
	GlobalSection(ExtensibilityGlobals) = postSolution
		SolutionGuid = {77BF1A08-4B82-4515-BB95-772D0839BD08}
	EndGlobalSection
EndGlobal
